// !$*UTF8*$!
{
	archiveVersion = 1;
	classes = {
	};
	objectVersion = 56;
	objects = {

/* Begin PBXBuildFile section */
		28C34AE329DAC91900619BF5 /* demoBleApp.swift in Sources */ = {isa = PBXBuildFile; fileRef = 28C34AE229DAC91900619BF5 /* demoBleApp.swift */; };
		28C34AE529DAC91900619BF5 /* ContentView.swift in Sources */ = {isa = PBXBuildFile; fileRef = 28C34AE429DAC91900619BF5 /* ContentView.swift */; };
		28C34AE729DAC91A00619BF5 /* Assets.xcassets in Resources */ = {isa = PBXBuildFile; fileRef = 28C34AE629DAC91A00619BF5 /* Assets.xcassets */; };
		28C34AEB29DAC91A00619BF5 /* Preview Assets.xcassets in Resources */ = {isa = PBXBuildFile; fileRef = 28C34AEA29DAC91A00619BF5 /* Preview Assets.xcassets */; };
		28C34AF529DAC91A00619BF5 /* demoBleTests.swift in Sources */ = {isa = PBXBuildFile; fileRef = 28C34AF429DAC91A00619BF5 /* demoBleTests.swift */; };
		28C34AFF29DAC91A00619BF5 /* demoBleUITests.swift in Sources */ = {isa = PBXBuildFile; fileRef = 28C34AFE29DAC91A00619BF5 /* demoBleUITests.swift */; };
		28C34B0129DAC91A00619BF5 /* demoBleUITestsLaunchTests.swift in Sources */ = {isa = PBXBuildFile; fileRef = 28C34B0029DAC91A00619BF5 /* demoBleUITestsLaunchTests.swift */; };
		28C34B0E29DACE6300619BF5 /* PeripheralView.swift in Sources */ = {isa = PBXBuildFile; fileRef = 28C34B0D29DACE6300619BF5 /* PeripheralView.swift */; };
		28C34B1029DAD8F500619BF5 /* PluginController.swift in Sources */ = {isa = PBXBuildFile; fileRef = 28C34B0F29DAD8F500619BF5 /* PluginController.swift */; };
/* End PBXBuildFile section */

/* Begin PBXContainerItemProxy section */
		28C34AF129DAC91A00619BF5 /* PBXContainerItemProxy */ = {
			isa = PBXContainerItemProxy;
			containerPortal = 28C34AD729DAC91900619BF5 /* Project object */;
			proxyType = 1;
			remoteGlobalIDString = 28C34ADE29DAC91900619BF5;
			remoteInfo = demoBle;
		};
		28C34AFB29DAC91A00619BF5 /* PBXContainerItemProxy */ = {
			isa = PBXContainerItemProxy;
			containerPortal = 28C34AD729DAC91900619BF5 /* Project object */;
			proxyType = 1;
			remoteGlobalIDString = 28C34ADE29DAC91900619BF5;
			remoteInfo = demoBle;
		};
/* End PBXContainerItemProxy section */

/* Begin PBXFileReference section */
		28C34ADF29DAC91900619BF5 /* demoBle.app */ = {isa = PBXFileReference; explicitFileType = wrapper.application; includeInIndex = 0; path = demoBle.app; sourceTree = BUILT_PRODUCTS_DIR; };
		28C34AE229DAC91900619BF5 /* demoBleApp.swift */ = {isa = PBXFileReference; lastKnownFileType = sourcecode.swift; path = demoBleApp.swift; sourceTree = "<group>"; };
		28C34AE429DAC91900619BF5 /* ContentView.swift */ = {isa = PBXFileReference; lastKnownFileType = sourcecode.swift; path = ContentView.swift; sourceTree = "<group>"; };
		28C34AE629DAC91A00619BF5 /* Assets.xcassets */ = {isa = PBXFileReference; lastKnownFileType = folder.assetcatalog; path = Assets.xcassets; sourceTree = "<group>"; };
		28C34AE829DAC91A00619BF5 /* demoBle.entitlements */ = {isa = PBXFileReference; lastKnownFileType = text.plist.entitlements; path = demoBle.entitlements; sourceTree = "<group>"; };
		28C34AEA29DAC91A00619BF5 /* Preview Assets.xcassets */ = {isa = PBXFileReference; lastKnownFileType = folder.assetcatalog; path = "Preview Assets.xcassets"; sourceTree = "<group>"; };
		28C34AF029DAC91A00619BF5 /* demoBleTests.xctest */ = {isa = PBXFileReference; explicitFileType = wrapper.cfbundle; includeInIndex = 0; path = demoBleTests.xctest; sourceTree = BUILT_PRODUCTS_DIR; };
		28C34AF429DAC91A00619BF5 /* demoBleTests.swift */ = {isa = PBXFileReference; lastKnownFileType = sourcecode.swift; path = demoBleTests.swift; sourceTree = "<group>"; };
		28C34AFA29DAC91A00619BF5 /* demoBleUITests.xctest */ = {isa = PBXFileReference; explicitFileType = wrapper.cfbundle; includeInIndex = 0; path = demoBleUITests.xctest; sourceTree = BUILT_PRODUCTS_DIR; };
		28C34AFE29DAC91A00619BF5 /* demoBleUITests.swift */ = {isa = PBXFileReference; lastKnownFileType = sourcecode.swift; path = demoBleUITests.swift; sourceTree = "<group>"; };
		28C34B0029DAC91A00619BF5 /* demoBleUITestsLaunchTests.swift */ = {isa = PBXFileReference; lastKnownFileType = sourcecode.swift; path = demoBleUITestsLaunchTests.swift; sourceTree = "<group>"; };
		28C34B0D29DACE6300619BF5 /* PeripheralView.swift */ = {isa = PBXFileReference; lastKnownFileType = sourcecode.swift; path = PeripheralView.swift; sourceTree = "<group>"; };
		28C34B0F29DAD8F500619BF5 /* PluginController.swift */ = {isa = PBXFileReference; lastKnownFileType = sourcecode.swift; path = PluginController.swift; sourceTree = "<group>"; };
		28C34B1129DBD81C00619BF5 /* Info.plist */ = {isa = PBXFileReference; lastKnownFileType = text.plist; path = Info.plist; sourceTree = "<group>"; };
/* End PBXFileReference section */

/* Begin PBXFrameworksBuildPhase section */
		28C34ADC29DAC91900619BF5 /* Frameworks */ = {
			isa = PBXFrameworksBuildPhase;
			buildActionMask = 2147483647;
			files = (
			);
			runOnlyForDeploymentPostprocessing = 0;
		};
		28C34AED29DAC91A00619BF5 /* Frameworks */ = {
			isa = PBXFrameworksBuildPhase;
			buildActionMask = 2147483647;
			files = (
			);
			runOnlyForDeploymentPostprocessing = 0;
		};
		28C34AF729DAC91A00619BF5 /* Frameworks */ = {
			isa = PBXFrameworksBuildPhase;
			buildActionMask = 2147483647;
			files = (
			);
			runOnlyForDeploymentPostprocessing = 0;
		};
/* End PBXFrameworksBuildPhase section */

/* Begin PBXGroup section */
		28C34AD629DAC91900619BF5 = {
			isa = PBXGroup;
			children = (
				28C34AE129DAC91900619BF5 /* demoBle */,
				28C34AF329DAC91A00619BF5 /* demoBleTests */,
				28C34AFD29DAC91A00619BF5 /* demoBleUITests */,
				28C34AE029DAC91900619BF5 /* Products */,
			);
			sourceTree = "<group>";
		};
		28C34AE029DAC91900619BF5 /* Products */ = {
			isa = PBXGroup;
			children = (
				28C34ADF29DAC91900619BF5 /* demoBle.app */,
				28C34AF029DAC91A00619BF5 /* demoBleTests.xctest */,
				28C34AFA29DAC91A00619BF5 /* demoBleUITests.xctest */,
			);
			name = Products;
			sourceTree = "<group>";
		};
		28C34AE129DAC91900619BF5 /* demoBle */ = {
			isa = PBXGroup;
			children = (
				28C34B1129DBD81C00619BF5 /* Info.plist */,
				28C34AE229DAC91900619BF5 /* demoBleApp.swift */,
				28C34AE429DAC91900619BF5 /* ContentView.swift */,
				28C34AE629DAC91A00619BF5 /* Assets.xcassets */,
				28C34AE829DAC91A00619BF5 /* demoBle.entitlements */,
				28C34AE929DAC91A00619BF5 /* Preview Content */,
				28C34B0D29DACE6300619BF5 /* PeripheralView.swift */,
				28C34B0F29DAD8F500619BF5 /* PluginController.swift */,
			);
			path = demoBle;
			sourceTree = "<group>";
		};
		28C34AE929DAC91A00619BF5 /* Preview Content */ = {
			isa = PBXGroup;
			children = (
				28C34AEA29DAC91A00619BF5 /* Preview Assets.xcassets */,
			);
			path = "Preview Content";
			sourceTree = "<group>";
		};
		28C34AF329DAC91A00619BF5 /* demoBleTests */ = {
			isa = PBXGroup;
			children = (
				28C34AF429DAC91A00619BF5 /* demoBleTests.swift */,
			);
			path = demoBleTests;
			sourceTree = "<group>";
		};
		28C34AFD29DAC91A00619BF5 /* demoBleUITests */ = {
			isa = PBXGroup;
			children = (
				28C34AFE29DAC91A00619BF5 /* demoBleUITests.swift */,
				28C34B0029DAC91A00619BF5 /* demoBleUITestsLaunchTests.swift */,
			);
			path = demoBleUITests;
			sourceTree = "<group>";
		};
/* End PBXGroup section */

/* Begin PBXNativeTarget section */
		28C34ADE29DAC91900619BF5 /* demoBle */ = {
			isa = PBXNativeTarget;
			buildConfigurationList = 28C34B0429DAC91A00619BF5 /* Build configuration list for PBXNativeTarget "demoBle" */;
			buildPhases = (
				28C34ADB29DAC91900619BF5 /* Sources */,
				28C34ADC29DAC91900619BF5 /* Frameworks */,
				28C34ADD29DAC91900619BF5 /* Resources */,
			);
			buildRules = (
			);
			dependencies = (
			);
			name = demoBle;
			productName = demoBle;
			productReference = 28C34ADF29DAC91900619BF5 /* demoBle.app */;
			productType = "com.apple.product-type.application";
		};
		28C34AEF29DAC91A00619BF5 /* demoBleTests */ = {
			isa = PBXNativeTarget;
			buildConfigurationList = 28C34B0729DAC91A00619BF5 /* Build configuration list for PBXNativeTarget "demoBleTests" */;
			buildPhases = (
				28C34AEC29DAC91A00619BF5 /* Sources */,
				28C34AED29DAC91A00619BF5 /* Frameworks */,
				28C34AEE29DAC91A00619BF5 /* Resources */,
			);
			buildRules = (
			);
			dependencies = (
				28C34AF229DAC91A00619BF5 /* PBXTargetDependency */,
			);
			name = demoBleTests;
			productName = demoBleTests;
			productReference = 28C34AF029DAC91A00619BF5 /* demoBleTests.xctest */;
			productType = "com.apple.product-type.bundle.unit-test";
		};
		28C34AF929DAC91A00619BF5 /* demoBleUITests */ = {
			isa = PBXNativeTarget;
			buildConfigurationList = 28C34B0A29DAC91A00619BF5 /* Build configuration list for PBXNativeTarget "demoBleUITests" */;
			buildPhases = (
				28C34AF629DAC91A00619BF5 /* Sources */,
				28C34AF729DAC91A00619BF5 /* Frameworks */,
				28C34AF829DAC91A00619BF5 /* Resources */,
			);
			buildRules = (
			);
			dependencies = (
				28C34AFC29DAC91A00619BF5 /* PBXTargetDependency */,
			);
			name = demoBleUITests;
			productName = demoBleUITests;
			productReference = 28C34AFA29DAC91A00619BF5 /* demoBleUITests.xctest */;
			productType = "com.apple.product-type.bundle.ui-testing";
		};
/* End PBXNativeTarget section */

/* Begin PBXProject section */
		28C34AD729DAC91900619BF5 /* Project object */ = {
			isa = PBXProject;
			attributes = {
				BuildIndependentTargetsInParallel = 1;
				LastSwiftUpdateCheck = 1410;
				LastUpgradeCheck = 1410;
				TargetAttributes = {
					28C34ADE29DAC91900619BF5 = {
						CreatedOnToolsVersion = 14.1;
					};
					28C34AEF29DAC91A00619BF5 = {
						CreatedOnToolsVersion = 14.1;
						TestTargetID = 28C34ADE29DAC91900619BF5;
					};
					28C34AF929DAC91A00619BF5 = {
						CreatedOnToolsVersion = 14.1;
						TestTargetID = 28C34ADE29DAC91900619BF5;
					};
				};
			};
			buildConfigurationList = 28C34ADA29DAC91900619BF5 /* Build configuration list for PBXProject "demoBle" */;
			compatibilityVersion = "Xcode 14.0";
			developmentRegion = en;
			hasScannedForEncodings = 0;
			knownRegions = (
				en,
				Base,
			);
			mainGroup = 28C34AD629DAC91900619BF5;
			productRefGroup = 28C34AE029DAC91900619BF5 /* Products */;
			projectDirPath = "";
			projectRoot = "";
			targets = (
				28C34ADE29DAC91900619BF5 /* demoBle */,
				28C34AEF29DAC91A00619BF5 /* demoBleTests */,
				28C34AF929DAC91A00619BF5 /* demoBleUITests */,
			);
		};
/* End PBXProject section */

/* Begin PBXResourcesBuildPhase section */
		28C34ADD29DAC91900619BF5 /* Resources */ = {
			isa = PBXResourcesBuildPhase;
			buildActionMask = 2147483647;
			files = (
				28C34AEB29DAC91A00619BF5 /* Preview Assets.xcassets in Resources */,
				28C34AE729DAC91A00619BF5 /* Assets.xcassets in Resources */,
			);
			runOnlyForDeploymentPostprocessing = 0;
		};
		28C34AEE29DAC91A00619BF5 /* Resources */ = {
			isa = PBXResourcesBuildPhase;
			buildActionMask = 2147483647;
			files = (
			);
			runOnlyForDeploymentPostprocessing = 0;
		};
		28C34AF829DAC91A00619BF5 /* Resources */ = {
			isa = PBXResourcesBuildPhase;
			buildActionMask = 2147483647;
			files = (
			);
			runOnlyForDeploymentPostprocessing = 0;
		};
/* End PBXResourcesBuildPhase section */

/* Begin PBXSourcesBuildPhase section */
		28C34ADB29DAC91900619BF5 /* Sources */ = {
			isa = PBXSourcesBuildPhase;
			buildActionMask = 2147483647;
			files = (
				28C34B1029DAD8F500619BF5 /* PluginController.swift in Sources */,
				28C34AE529DAC91900619BF5 /* ContentView.swift in Sources */,
				28C34AE329DAC91900619BF5 /* demoBleApp.swift in Sources */,
				28C34B0E29DACE6300619BF5 /* PeripheralView.swift in Sources */,
			);
			runOnlyForDeploymentPostprocessing = 0;
		};
		28C34AEC29DAC91A00619BF5 /* Sources */ = {
			isa = PBXSourcesBuildPhase;
			buildActionMask = 2147483647;
			files = (
				28C34AF529DAC91A00619BF5 /* demoBleTests.swift in Sources */,
			);
			runOnlyForDeploymentPostprocessing = 0;
		};
		28C34AF629DAC91A00619BF5 /* Sources */ = {
			isa = PBXSourcesBuildPhase;
			buildActionMask = 2147483647;
			files = (
				28C34AFF29DAC91A00619BF5 /* demoBleUITests.swift in Sources */,
				28C34B0129DAC91A00619BF5 /* demoBleUITestsLaunchTests.swift in Sources */,
			);
			runOnlyForDeploymentPostprocessing = 0;
		};
/* End PBXSourcesBuildPhase section */

/* Begin PBXTargetDependency section */
		28C34AF229DAC91A00619BF5 /* PBXTargetDependency */ = {
			isa = PBXTargetDependency;
			target = 28C34ADE29DAC91900619BF5 /* demoBle */;
			targetProxy = 28C34AF129DAC91A00619BF5 /* PBXContainerItemProxy */;
		};
		28C34AFC29DAC91A00619BF5 /* PBXTargetDependency */ = {
			isa = PBXTargetDependency;
			target = 28C34ADE29DAC91900619BF5 /* demoBle */;
			targetProxy = 28C34AFB29DAC91A00619BF5 /* PBXContainerItemProxy */;
		};
/* End PBXTargetDependency section */

/* Begin XCBuildConfiguration section */
		28C34B0229DAC91A00619BF5 /* Debug */ = {
			isa = XCBuildConfiguration;
			buildSettings = {
				ALWAYS_SEARCH_USER_PATHS = NO;
				CLANG_ANALYZER_NONNULL = YES;
				CLANG_ANALYZER_NUMBER_OBJECT_CONVERSION = YES_AGGRESSIVE;
				CLANG_CXX_LANGUAGE_STANDARD = "gnu++20";
				CLANG_ENABLE_MODULES = YES;
				CLANG_ENABLE_OBJC_ARC = YES;
				CLANG_ENABLE_OBJC_WEAK = YES;
				CLANG_WARN_BLOCK_CAPTURE_AUTORELEASING = YES;
				CLANG_WARN_BOOL_CONVERSION = YES;
				CLANG_WARN_COMMA = YES;
				CLANG_WARN_CONSTANT_CONVERSION = YES;
				CLANG_WARN_DEPRECATED_OBJC_IMPLEMENTATIONS = YES;
				CLANG_WARN_DIRECT_OBJC_ISA_USAGE = YES_ERROR;
				CLANG_WARN_DOCUMENTATION_COMMENTS = YES;
				CLANG_WARN_EMPTY_BODY = YES;
				CLANG_WARN_ENUM_CONVERSION = YES;
				CLANG_WARN_INFINITE_RECURSION = YES;
				CLANG_WARN_INT_CONVERSION = YES;
				CLANG_WARN_NON_LITERAL_NULL_CONVERSION = YES;
				CLANG_WARN_OBJC_IMPLICIT_RETAIN_SELF = YES;
				CLANG_WARN_OBJC_LITERAL_CONVERSION = YES;
				CLANG_WARN_OBJC_ROOT_CLASS = YES_ERROR;
				CLANG_WARN_QUOTED_INCLUDE_IN_FRAMEWORK_HEADER = YES;
				CLANG_WARN_RANGE_LOOP_ANALYSIS = YES;
				CLANG_WARN_STRICT_PROTOTYPES = YES;
				CLANG_WARN_SUSPICIOUS_MOVE = YES;
				CLANG_WARN_UNGUARDED_AVAILABILITY = YES_AGGRESSIVE;
				CLANG_WARN_UNREACHABLE_CODE = YES;
				CLANG_WARN__DUPLICATE_METHOD_MATCH = YES;
				COPY_PHASE_STRIP = NO;
				DEBUG_INFORMATION_FORMAT = dwarf;
				ENABLE_STRICT_OBJC_MSGSEND = YES;
				ENABLE_TESTABILITY = YES;
				GCC_C_LANGUAGE_STANDARD = gnu11;
				GCC_DYNAMIC_NO_PIC = NO;
				GCC_NO_COMMON_BLOCKS = YES;
				GCC_OPTIMIZATION_LEVEL = 0;
				GCC_PREPROCESSOR_DEFINITIONS = (
					"DEBUG=1",
					"$(inherited)",
				);
				GCC_WARN_64_TO_32_BIT_CONVERSION = YES;
				GCC_WARN_ABOUT_RETURN_TYPE = YES_ERROR;
				GCC_WARN_UNDECLARED_SELECTOR = YES;
				GCC_WARN_UNINITIALIZED_AUTOS = YES_AGGRESSIVE;
				GCC_WARN_UNUSED_FUNCTION = YES;
				GCC_WARN_UNUSED_VARIABLE = YES;
				MTL_ENABLE_DEBUG_INFO = INCLUDE_SOURCE;
				MTL_FAST_MATH = YES;
				ONLY_ACTIVE_ARCH = YES;
				SWIFT_ACTIVE_COMPILATION_CONDITIONS = DEBUG;
				SWIFT_OPTIMIZATION_LEVEL = "-Onone";
			};
			name = Debug;
		};
		28C34B0329DAC91A00619BF5 /* Release */ = {
			isa = XCBuildConfiguration;
			buildSettings = {
				ALWAYS_SEARCH_USER_PATHS = NO;
				CLANG_ANALYZER_NONNULL = YES;
				CLANG_ANALYZER_NUMBER_OBJECT_CONVERSION = YES_AGGRESSIVE;
				CLANG_CXX_LANGUAGE_STANDARD = "gnu++20";
				CLANG_ENABLE_MODULES = YES;
				CLANG_ENABLE_OBJC_ARC = YES;
				CLANG_ENABLE_OBJC_WEAK = YES;
				CLANG_WARN_BLOCK_CAPTURE_AUTORELEASING = YES;
				CLANG_WARN_BOOL_CONVERSION = YES;
				CLANG_WARN_COMMA = YES;
				CLANG_WARN_CONSTANT_CONVERSION = YES;
				CLANG_WARN_DEPRECATED_OBJC_IMPLEMENTATIONS = YES;
				CLANG_WARN_DIRECT_OBJC_ISA_USAGE = YES_ERROR;
				CLANG_WARN_DOCUMENTATION_COMMENTS = YES;
				CLANG_WARN_EMPTY_BODY = YES;
				CLANG_WARN_ENUM_CONVERSION = YES;
				CLANG_WARN_INFINITE_RECURSION = YES;
				CLANG_WARN_INT_CONVERSION = YES;
				CLANG_WARN_NON_LITERAL_NULL_CONVERSION = YES;
				CLANG_WARN_OBJC_IMPLICIT_RETAIN_SELF = YES;
				CLANG_WARN_OBJC_LITERAL_CONVERSION = YES;
				CLANG_WARN_OBJC_ROOT_CLASS = YES_ERROR;
				CLANG_WARN_QUOTED_INCLUDE_IN_FRAMEWORK_HEADER = YES;
				CLANG_WARN_RANGE_LOOP_ANALYSIS = YES;
				CLANG_WARN_STRICT_PROTOTYPES = YES;
				CLANG_WARN_SUSPICIOUS_MOVE = YES;
				CLANG_WARN_UNGUARDED_AVAILABILITY = YES_AGGRESSIVE;
				CLANG_WARN_UNREACHABLE_CODE = YES;
				CLANG_WARN__DUPLICATE_METHOD_MATCH = YES;
				COPY_PHASE_STRIP = NO;
				DEBUG_INFORMATION_FORMAT = "dwarf-with-dsym";
				ENABLE_NS_ASSERTIONS = NO;
				ENABLE_STRICT_OBJC_MSGSEND = YES;
				GCC_C_LANGUAGE_STANDARD = gnu11;
				GCC_NO_COMMON_BLOCKS = YES;
				GCC_WARN_64_TO_32_BIT_CONVERSION = YES;
				GCC_WARN_ABOUT_RETURN_TYPE = YES_ERROR;
				GCC_WARN_UNDECLARED_SELECTOR = YES;
				GCC_WARN_UNINITIALIZED_AUTOS = YES_AGGRESSIVE;
				GCC_WARN_UNUSED_FUNCTION = YES;
				GCC_WARN_UNUSED_VARIABLE = YES;
				MTL_ENABLE_DEBUG_INFO = NO;
				MTL_FAST_MATH = YES;
				SWIFT_COMPILATION_MODE = wholemodule;
				SWIFT_OPTIMIZATION_LEVEL = "-O";
			};
			name = Release;
		};
		28C34B0529DAC91A00619BF5 /* Debug */ = {
			isa = XCBuildConfiguration;
			buildSettings = {
				ASSETCATALOG_COMPILER_APPICON_NAME = AppIcon;
				ASSETCATALOG_COMPILER_GLOBAL_ACCENT_COLOR_NAME = AccentColor;
				CODE_SIGN_ENTITLEMENTS = demoBle/demoBle.entitlements;
				CODE_SIGN_STYLE = Automatic;
				CURRENT_PROJECT_VERSION = 1;
				DEVELOPMENT_ASSET_PATHS = "\"demoBle/Preview Content\"";
				DEVELOPMENT_TEAM = B7289UDFM4;
				ENABLE_HARDENED_RUNTIME = YES;
				ENABLE_PREVIEWS = YES;
				GENERATE_INFOPLIST_FILE = YES;
				INFOPLIST_FILE = demoBle/Info.plist;
				INFOPLIST_KEY_NSBluetoothAlwaysUsageDescription = "using ble";
				INFOPLIST_KEY_NSBluetoothPeripheralUsageDescription = "using ble";
				"INFOPLIST_KEY_UIApplicationSceneManifest_Generation[sdk=iphoneos*]" = YES;
				"INFOPLIST_KEY_UIApplicationSceneManifest_Generation[sdk=iphonesimulator*]" = YES;
				"INFOPLIST_KEY_UIApplicationSupportsIndirectInputEvents[sdk=iphoneos*]" = YES;
				"INFOPLIST_KEY_UIApplicationSupportsIndirectInputEvents[sdk=iphonesimulator*]" = YES;
				"INFOPLIST_KEY_UILaunchScreen_Generation[sdk=iphoneos*]" = YES;
				"INFOPLIST_KEY_UILaunchScreen_Generation[sdk=iphonesimulator*]" = YES;
				"INFOPLIST_KEY_UIStatusBarStyle[sdk=iphoneos*]" = UIStatusBarStyleDefault;
				"INFOPLIST_KEY_UIStatusBarStyle[sdk=iphonesimulator*]" = UIStatusBarStyleDefault;
				INFOPLIST_KEY_UISupportedInterfaceOrientations_iPad = "UIInterfaceOrientationPortrait UIInterfaceOrientationPortraitUpsideDown UIInterfaceOrientationLandscapeLeft UIInterfaceOrientationLandscapeRight";
				INFOPLIST_KEY_UISupportedInterfaceOrientations_iPhone = "UIInterfaceOrientationPortrait UIInterfaceOrientationLandscapeLeft UIInterfaceOrientationLandscapeRight";
				IPHONEOS_DEPLOYMENT_TARGET = 14.0;
				LD_RUNPATH_SEARCH_PATHS = "@executable_path/Frameworks";
				"LD_RUNPATH_SEARCH_PATHS[sdk=macosx*]" = "@executable_path/../Frameworks";
				MACOSX_DEPLOYMENT_TARGET = 13.0;
				MARKETING_VERSION = 1.0;
				PRODUCT_BUNDLE_IDENTIFIER = com.hodoan.demoBle;
				PRODUCT_NAME = "$(TARGET_NAME)";
				SDKROOT = auto;
				SUPPORTED_PLATFORMS = "iphoneos iphonesimulator macosx";
				SWIFT_EMIT_LOC_STRINGS = YES;
				SWIFT_VERSION = 5.0;
				TARGETED_DEVICE_FAMILY = "1,2";
			};
			name = Debug;
		};
		28C34B0629DAC91A00619BF5 /* Release */ = {
			isa = XCBuildConfiguration;
			buildSettings = {
				ASSETCATALOG_COMPILER_APPICON_NAME = AppIcon;
				ASSETCATALOG_COMPILER_GLOBAL_ACCENT_COLOR_NAME = AccentColor;
				CODE_SIGN_ENTITLEMENTS = demoBle/demoBle.entitlements;
				CODE_SIGN_STYLE = Automatic;
				CURRENT_PROJECT_VERSION = 1;
				DEVELOPMENT_ASSET_PATHS = "\"demoBle/Preview Content\"";
				DEVELOPMENT_TEAM = B7289UDFM4;
				ENABLE_HARDENED_RUNTIME = YES;
				ENABLE_PREVIEWS = YES;
				GENERATE_INFOPLIST_FILE = YES;
				INFOPLIST_FILE = demoBle/Info.plist;
				INFOPLIST_KEY_NSBluetoothAlwaysUsageDescription = "using ble";
				INFOPLIST_KEY_NSBluetoothPeripheralUsageDescription = "using ble";
				"INFOPLIST_KEY_UIApplicationSceneManifest_Generation[sdk=iphoneos*]" = YES;
				"INFOPLIST_KEY_UIApplicationSceneManifest_Generation[sdk=iphonesimulator*]" = YES;
				"INFOPLIST_KEY_UIApplicationSupportsIndirectInputEvents[sdk=iphoneos*]" = YES;
				"INFOPLIST_KEY_UIApplicationSupportsIndirectInputEvents[sdk=iphonesimulator*]" = YES;
				"INFOPLIST_KEY_UILaunchScreen_Generation[sdk=iphoneos*]" = YES;
				"INFOPLIST_KEY_UILaunchScreen_Generation[sdk=iphonesimulator*]" = YES;
				"INFOPLIST_KEY_UIStatusBarStyle[sdk=iphoneos*]" = UIStatusBarStyleDefault;
				"INFOPLIST_KEY_UIStatusBarStyle[sdk=iphonesimulator*]" = UIStatusBarStyleDefault;
				INFOPLIST_KEY_UISupportedInterfaceOrientations_iPad = "UIInterfaceOrientationPortrait UIInterfaceOrientationPortraitUpsideDown UIInterfaceOrientationLandscapeLeft UIInterfaceOrientationLandscapeRight";
				INFOPLIST_KEY_UISupportedInterfaceOrientations_iPhone = "UIInterfaceOrientationPortrait UIInterfaceOrientationLandscapeLeft UIInterfaceOrientationLandscapeRight";
				IPHONEOS_DEPLOYMENT_TARGET = 14.0;
				LD_RUNPATH_SEARCH_PATHS = "@executable_path/Frameworks";
				"LD_RUNPATH_SEARCH_PATHS[sdk=macosx*]" = "@executable_path/../Frameworks";
				MACOSX_DEPLOYMENT_TARGET = 13.0;
				MARKETING_VERSION = 1.0;
				PRODUCT_BUNDLE_IDENTIFIER = com.hodoan.demoBle;
				PRODUCT_NAME = "$(TARGET_NAME)";
				SDKROOT = auto;
				SUPPORTED_PLATFORMS = "iphoneos iphonesimulator macosx";
				SWIFT_EMIT_LOC_STRINGS = YES;
				SWIFT_VERSION = 5.0;
				TARGETED_DEVICE_FAMILY = "1,2";
			};
			name = Release;
		};
		28C34B0829DAC91A00619BF5 /* Debug */ = {
			isa = XCBuildConfiguration;
			buildSettings = {
				ALWAYS_EMBED_SWIFT_STANDARD_LIBRARIES = YES;
				BUNDLE_LOADER = "$(TEST_HOST)";
				CODE_SIGN_STYLE = Automatic;
				CURRENT_PROJECT_VERSION = 1;
				DEVELOPMENT_TEAM = B7289UDFM4;
				GENERATE_INFOPLIST_FILE = YES;
				IPHONEOS_DEPLOYMENT_TARGET = 16.1;
				MACOSX_DEPLOYMENT_TARGET = 13.0;
				MARKETING_VERSION = 1.0;
				PRODUCT_BUNDLE_IDENTIFIER = com.hodoan.demoBleTests;
				PRODUCT_NAME = "$(TARGET_NAME)";
				SDKROOT = auto;
				SUPPORTED_PLATFORMS = "iphoneos iphonesimulator macosx";
				SWIFT_EMIT_LOC_STRINGS = NO;
				SWIFT_VERSION = 5.0;
				TARGETED_DEVICE_FAMILY = "1,2";
				TEST_HOST = "$(BUILT_PRODUCTS_DIR)/demoBle.app/$(BUNDLE_EXECUTABLE_FOLDER_PATH)/demoBle";
			};
			name = Debug;
		};
		28C34B0929DAC91A00619BF5 /* Release */ = {
			isa = XCBuildConfiguration;
			buildSettings = {
				ALWAYS_EMBED_SWIFT_STANDARD_LIBRARIES = YES;
				BUNDLE_LOADER = "$(TEST_HOST)";
				CODE_SIGN_STYLE = Automatic;
				CURRENT_PROJECT_VERSION = 1;
				DEVELOPMENT_TEAM = B7289UDFM4;
				GENERATE_INFOPLIST_FILE = YES;
				IPHONEOS_DEPLOYMENT_TARGET = 16.1;
				MACOSX_DEPLOYMENT_TARGET = 13.0;
				MARKETING_VERSION = 1.0;
				PRODUCT_BUNDLE_IDENTIFIER = com.hodoan.demoBleTests;
				PRODUCT_NAME = "$(TARGET_NAME)";
				SDKROOT = auto;
				SUPPORTED_PLATFORMS = "iphoneos iphonesimulator macosx";
				SWIFT_EMIT_LOC_STRINGS = NO;
				SWIFT_VERSION = 5.0;
				TARGETED_DEVICE_FAMILY = "1,2";
				TEST_HOST = "$(BUILT_PRODUCTS_DIR)/demoBle.app/$(BUNDLE_EXECUTABLE_FOLDER_PATH)/demoBle";
			};
			name = Release;
		};
		28C34B0B29DAC91A00619BF5 /* Debug */ = {
			isa = XCBuildConfiguration;
			buildSettings = {
				ALWAYS_EMBED_SWIFT_STANDARD_LIBRARIES = YES;
				CODE_SIGN_STYLE = Automatic;
				CURRENT_PROJECT_VERSION = 1;
				DEVELOPMENT_TEAM = B7289UDFM4;
				GENERATE_INFOPLIST_FILE = YES;
				IPHONEOS_DEPLOYMENT_TARGET = 16.1;
				MACOSX_DEPLOYMENT_TARGET = 13.0;
				MARKETING_VERSION = 1.0;
				PRODUCT_BUNDLE_IDENTIFIER = com.hodoan.demoBleUITests;
				PRODUCT_NAME = "$(TARGET_NAME)";
				SDKROOT = auto;
				SUPPORTED_PLATFORMS = "iphoneos iphonesimulator macosx";
				SWIFT_EMIT_LOC_STRINGS = NO;
				SWIFT_VERSION = 5.0;
				TARGETED_DEVICE_FAMILY = "1,2";
				TEST_TARGET_NAME = demoBle;
			};
			name = Debug;
		};
		28C34B0C29DAC91A00619BF5 /* Release */ = {
			isa = XCBuildConfiguration;
			buildSettings = {
				ALWAYS_EMBED_SWIFT_STANDARD_LIBRARIES = YES;
				CODE_SIGN_STYLE = Automatic;
				CURRENT_PROJECT_VERSION = 1;
				DEVELOPMENT_TEAM = B7289UDFM4;
				GENERATE_INFOPLIST_FILE = YES;
				IPHONEOS_DEPLOYMENT_TARGET = 16.1;
				MACOSX_DEPLOYMENT_TARGET = 13.0;
				MARKETING_VERSION = 1.0;
				PRODUCT_BUNDLE_IDENTIFIER = com.hodoan.demoBleUITests;
				PRODUCT_NAME = "$(TARGET_NAME)";
				SDKROOT = auto;
				SUPPORTED_PLATFORMS = "iphoneos iphonesimulator macosx";
				SWIFT_EMIT_LOC_STRINGS = NO;
				SWIFT_VERSION = 5.0;
				TARGETED_DEVICE_FAMILY = "1,2";
				TEST_TARGET_NAME = demoBle;
			};
			name = Release;
		};
/* End XCBuildConfiguration section */

/* Begin XCConfigurationList section */
		28C34ADA29DAC91900619BF5 /* Build configuration list for PBXProject "demoBle" */ = {
			isa = XCConfigurationList;
			buildConfigurations = (
				28C34B0229DAC91A00619BF5 /* Debug */,
				28C34B0329DAC91A00619BF5 /* Release */,
			);
			defaultConfigurationIsVisible = 0;
			defaultConfigurationName = Debug;
		};
		28C34B0429DAC91A00619BF5 /* Build configuration list for PBXNativeTarget "demoBle" */ = {
			isa = XCConfigurationList;
			buildConfigurations = (
				28C34B0529DAC91A00619BF5 /* Debug */,
				28C34B0629DAC91A00619BF5 /* Release */,
			);
			defaultConfigurationIsVisible = 0;
			defaultConfigurationName = Debug;
		};
		28C34B0729DAC91A00619BF5 /* Build configuration list for PBXNativeTarget "demoBleTests" */ = {
			isa = XCConfigurationList;
			buildConfigurations = (
				28C34B0829DAC91A00619BF5 /* Debug */,
				28C34B0929DAC91A00619BF5 /* Release */,
			);
			defaultConfigurationIsVisible = 0;
			defaultConfigurationName = Debug;
		};
		28C34B0A29DAC91A00619BF5 /* Build configuration list for PBXNativeTarget "demoBleUITests" */ = {
			isa = XCConfigurationList;
			buildConfigurations = (
				28C34B0B29DAC91A00619BF5 /* Debug */,
				28C34B0C29DAC91A00619BF5 /* Release */,
			);
			defaultConfigurationIsVisible = 0;
			defaultConfigurationName = Debug;
		};
/* End XCConfigurationList section */
	};
	rootObject = 28C34AD729DAC91900619BF5 /* Project object */;
}
